
Microsoft Visual Studio Solution File, Format Version 12.00
# Visual Studio Version 16
VisualStudioVersion = 16.0.30615.102
MinimumVisualStudioVersion = 10.0.40219.1
Project("{FAE04EC0-301F-11D3-BF4B-00C04F79EFBC}") = "BlazorApp.Server", "Server\BlazorApp.Server.csproj", "{101C8F7C-BA80-4C85-B55D-DA3057FC2CE0}"
EndProject
Project("{FAE04EC0-301F-11D3-BF4B-00C04F79EFBC}") = "BlazorApp.Client", "Client\BlazorApp.Client.csproj", "{924BBEE3-2858-4999-8062-4262821154D8}"
EndProject
Project("{FAE04EC0-301F-11D3-BF4B-00C04F79EFBC}") = "BlazorApp.Shared", "Shared\BlazorApp.Shared.csproj", "{D1601B0D-A951-486B-9E2E-B927F5BE4FD6}"
EndProject
Global
	GlobalSection(SolutionConfigurationPlatforms) = preSolution
		Debug|Any CPU = Debug|Any CPU
		Release|Any CPU = Release|Any CPU
	EndGlobalSection
	GlobalSection(ProjectConfigurationPlatforms) = postSolution
		{101C8F7C-BA80-4C85-B55D-DA3057FC2CE0}.Debug|Any CPU.ActiveCfg = Debug|Any CPU
		{101C8F7C-BA80-4C85-B55D-DA3057FC2CE0}.Debug|Any CPU.Build.0 = Debug|Any CPU
		{101C8F7C-BA80-4C85-B55D-DA3057FC2CE0}.Release|Any CPU.ActiveCfg = Release|Any CPU
		{101C8F7C-BA80-4C85-B55D-DA3057FC2CE0}.Release|Any CPU.Build.0 = Release|Any CPU
		{924BBEE3-2858-4999-8062-4262821154D8}.Debug|Any CPU.ActiveCfg = Debug|Any CPU
		{924BBEE3-2858-4999-8062-4262821154D8}.Debug|Any CPU.Build.0 = Debug|Any CPU
		{924BBEE3-2858-4999-8062-4262821154D8}.Release|Any CPU.ActiveCfg = Release|Any CPU
		{924BBEE3-2858-4999-8062-4262821154D8}.Release|Any CPU.Build.0 = Release|Any CPU
		{D1601B0D-A951-486B-9E2E-B927F5BE4FD6}.Debug|Any CPU.ActiveCfg = Debug|Any CPU
		{D1601B0D-A951-486B-9E2E-B927F5BE4FD6}.Debug|Any CPU.Build.0 = Debug|Any CPU
		{D1601B0D-A951-486B-9E2E-B927F5BE4FD6}.Release|Any CPU.ActiveCfg = Release|Any CPU
		{D1601B0D-A951-486B-9E2E-B927F5BE4FD6}.Release|Any CPU.Build.0 = Release|Any CPU
	EndGlobalSection
	GlobalSection(SolutionProperties) = preSolution
		HideSolutionNode = FALSE
	EndGlobalSection
	GlobalSection(ExtensibilityGlobals) = postSolution
		SolutionGuid = {F1BF5D9F-FFA5-47DC-B8F5-2DE7D8BB3444}
	EndGlobalSection
EndGlobal
